
Microsoft Visual Studio Solution File, Format Version 12.00
# Visual Studio 2013
VisualStudioVersion = 12.0.31101.0
MinimumVisualStudioVersion = 10.0.40219.1
Project("{2150E333-8FDC-42A3-9474-1A3956D46DE8}") = "Data", "Data", "{9E6682DF-DF87-4BB2-8D22-4D02A6E3C7C5}"
EndProject
Project("{2150E333-8FDC-42A3-9474-1A3956D46DE8}") = "Web", "Web", "{019F5C00-3C33-49D9-9649-5B351C09421E}"
EndProject
Project("{FAE04EC0-301F-11D3-BF4B-00C04F79EFBC}") = "LibrarySystem", "Web\LibrarySystem\LibrarySystem.csproj", "{A0706F81-4D8C-4D81-A650-74348630016A}"
EndProject
Project("{FAE04EC0-301F-11D3-BF4B-00C04F79EFBC}") = "LibrarySystem.Data", "LibrarySystem.Data\LibrarySystem.Data.csproj", "{F8C01953-0A35-4D96-9EBE-25D1BEB33E63}"
EndProject
Project("{FAE04EC0-301F-11D3-BF4B-00C04F79EFBC}") = "LibrarySystem.Data.Common", "LibraryData.Data.Common\LibrarySystem.Data.Common.csproj", "{971D65D2-3086-4279-8D0E-35E668CDA034}"
EndProject
Project("{FAE04EC0-301F-11D3-BF4B-00C04F79EFBC}") = "LibrarySystem.Data.Models", "LibrarySystem.Data.Models\LibrarySystem.Data.Models.csproj", "{F14BCCD9-DFA9-4078-80F8-0F9E22F1B724}"
EndProject
Project("{2150E333-8FDC-42A3-9474-1A3956D46DE8}") = ".nuget", ".nuget", "{BB799AAF-7053-40AC-8B75-944DDA90C7AA}"
	ProjectSection(SolutionItems) = preProject
		.nuget\NuGet.Config = .nuget\NuGet.Config
		.nuget\NuGet.exe = .nuget\NuGet.exe
		.nuget\NuGet.targets = .nuget\NuGet.targets
	EndProjectSection
EndProject
Global
	GlobalSection(SolutionConfigurationPlatforms) = preSolution
		Debug|Any CPU = Debug|Any CPU
		Release|Any CPU = Release|Any CPU
	EndGlobalSection
	GlobalSection(ProjectConfigurationPlatforms) = postSolution
		{A0706F81-4D8C-4D81-A650-74348630016A}.Debug|Any CPU.ActiveCfg = Debug|Any CPU
		{A0706F81-4D8C-4D81-A650-74348630016A}.Debug|Any CPU.Build.0 = Debug|Any CPU
		{A0706F81-4D8C-4D81-A650-74348630016A}.Release|Any CPU.ActiveCfg = Release|Any CPU
		{A0706F81-4D8C-4D81-A650-74348630016A}.Release|Any CPU.Build.0 = Release|Any CPU
		{F8C01953-0A35-4D96-9EBE-25D1BEB33E63}.Debug|Any CPU.ActiveCfg = Debug|Any CPU
		{F8C01953-0A35-4D96-9EBE-25D1BEB33E63}.Debug|Any CPU.Build.0 = Debug|Any CPU
		{F8C01953-0A35-4D96-9EBE-25D1BEB33E63}.Release|Any CPU.ActiveCfg = Release|Any CPU
		{F8C01953-0A35-4D96-9EBE-25D1BEB33E63}.Release|Any CPU.Build.0 = Release|Any CPU
		{971D65D2-3086-4279-8D0E-35E668CDA034}.Debug|Any CPU.ActiveCfg = Debug|Any CPU
		{971D65D2-3086-4279-8D0E-35E668CDA034}.Debug|Any CPU.Build.0 = Debug|Any CPU
		{971D65D2-3086-4279-8D0E-35E668CDA034}.Release|Any CPU.ActiveCfg = Release|Any CPU
		{971D65D2-3086-4279-8D0E-35E668CDA034}.Release|Any CPU.Build.0 = Release|Any CPU
		{F14BCCD9-DFA9-4078-80F8-0F9E22F1B724}.Debug|Any CPU.ActiveCfg = Debug|Any CPU
		{F14BCCD9-DFA9-4078-80F8-0F9E22F1B724}.Debug|Any CPU.Build.0 = Debug|Any CPU
		{F14BCCD9-DFA9-4078-80F8-0F9E22F1B724}.Release|Any CPU.ActiveCfg = Release|Any CPU
		{F14BCCD9-DFA9-4078-80F8-0F9E22F1B724}.Release|Any CPU.Build.0 = Release|Any CPU
	EndGlobalSection
	GlobalSection(SolutionProperties) = preSolution
		HideSolutionNode = FALSE
	EndGlobalSection
	GlobalSection(NestedProjects) = preSolution
		{A0706F81-4D8C-4D81-A650-74348630016A} = {019F5C00-3C33-49D9-9649-5B351C09421E}
		{F8C01953-0A35-4D96-9EBE-25D1BEB33E63} = {9E6682DF-DF87-4BB2-8D22-4D02A6E3C7C5}
		{971D65D2-3086-4279-8D0E-35E668CDA034} = {9E6682DF-DF87-4BB2-8D22-4D02A6E3C7C5}
		{F14BCCD9-DFA9-4078-80F8-0F9E22F1B724} = {9E6682DF-DF87-4BB2-8D22-4D02A6E3C7C5}
	EndGlobalSection
EndGlobal
